
Microsoft Visual Studio Solution File, Format Version 12.00
# Visual Studio Version 17
VisualStudioVersion = 17.9.34616.47
MinimumVisualStudioVersion = 10.0.40219.1
Project("{9A19103F-16F7-4668-BE54-9A1E7A4F7556}") = "Talabat.APIS", "Talabat.APIS\Talabat.APIS.csproj", "{7799477A-FE49-4063-A7F3-D451CD88CC66}"
EndProject
Project("{9A19103F-16F7-4668-BE54-9A1E7A4F7556}") = "Talabat.Core", "Talabat.Core\Talabat.Core.csproj", "{088900E6-4520-4F04-A8CD-A0C54A32C7A8}"
EndProject
Project("{9A19103F-16F7-4668-BE54-9A1E7A4F7556}") = "Talabat.Repositiory", "Talabat.Repositiory\Talabat.Repositiory.csproj", "{DB510049-46C9-462B-9621-105B6EA5CD45}"
EndProject
Project("{FAE04EC0-301F-11D3-BF4B-00C04F79EFBC}") = "Talabat.Services", "Talabat.Services\Talabat.Services.csproj", "{56280B57-B461-42EE-A571-27C394888CB2}"
EndProject
Global
	GlobalSection(SolutionConfigurationPlatforms) = preSolution
		Debug|Any CPU = Debug|Any CPU
		Release|Any CPU = Release|Any CPU
	EndGlobalSection
	GlobalSection(ProjectConfigurationPlatforms) = postSolution
		{7799477A-FE49-4063-A7F3-D451CD88CC66}.Debug|Any CPU.ActiveCfg = Debug|Any CPU
		{7799477A-FE49-4063-A7F3-D451CD88CC66}.Debug|Any CPU.Build.0 = Debug|Any CPU
		{7799477A-FE49-4063-A7F3-D451CD88CC66}.Release|Any CPU.ActiveCfg = Release|Any CPU
		{7799477A-FE49-4063-A7F3-D451CD88CC66}.Release|Any CPU.Build.0 = Release|Any CPU
		{088900E6-4520-4F04-A8CD-A0C54A32C7A8}.Debug|Any CPU.ActiveCfg = Debug|Any CPU
		{088900E6-4520-4F04-A8CD-A0C54A32C7A8}.Debug|Any CPU.Build.0 = Debug|Any CPU
		{088900E6-4520-4F04-A8CD-A0C54A32C7A8}.Release|Any CPU.ActiveCfg = Release|Any CPU
		{088900E6-4520-4F04-A8CD-A0C54A32C7A8}.Release|Any CPU.Build.0 = Release|Any CPU
		{DB510049-46C9-462B-9621-105B6EA5CD45}.Debug|Any CPU.ActiveCfg = Debug|Any CPU
		{DB510049-46C9-462B-9621-105B6EA5CD45}.Debug|Any CPU.Build.0 = Debug|Any CPU
		{DB510049-46C9-462B-9621-105B6EA5CD45}.Release|Any CPU.ActiveCfg = Release|Any CPU
		{DB510049-46C9-462B-9621-105B6EA5CD45}.Release|Any CPU.Build.0 = Release|Any CPU
		{56280B57-B461-42EE-A571-27C394888CB2}.Debug|Any CPU.ActiveCfg = Debug|Any CPU
		{56280B57-B461-42EE-A571-27C394888CB2}.Debug|Any CPU.Build.0 = Debug|Any CPU
		{56280B57-B461-42EE-A571-27C394888CB2}.Release|Any CPU.ActiveCfg = Release|Any CPU
		{56280B57-B461-42EE-A571-27C394888CB2}.Release|Any CPU.Build.0 = Release|Any CPU
	EndGlobalSection
	GlobalSection(SolutionProperties) = preSolution
		HideSolutionNode = FALSE
	EndGlobalSection
	GlobalSection(ExtensibilityGlobals) = postSolution
		SolutionGuid = {21142D7B-ED4B-4F6D-8646-A7BF8A9727B6}
	EndGlobalSection
EndGlobal
